{
  "name": "shaders",
  "version": "1.0.0",
  "lockfileVersion": 1,
  "requires": true,
  "dependencies": {
    "@types/dat.gui": {
      "version": "0.7.5",
      "resolved": "https://registry.npmjs.org/@types/dat.gui/-/dat.gui-0.7.5.tgz",
      "integrity": "sha512-5AqLThlTiuDSOZA7XZFogRj/UdGKn/iIfdFPuh37kY4s7TjTt+YUOlUmcCrY6wAYFFyThtt2z8qZlYcdkhJZ5w==",
      "dev": true
    },
    "mobx": {
      "version": "5.15.4",
      "resolved": "https://registry.npmjs.org/mobx/-/mobx-5.15.4.tgz",
      "integrity": "sha512-xRFJxSU2Im3nrGCdjSuOTFmxVDGeqOHL+TyADCGbT0k4HHqGmx5u2yaHNryvoORpI4DfbzjJ5jPmuv+d7sioFw==",
      "dev": true
    },
    "regl": {
      "version": "1.6.1",
      "resolved": "https://registry.npmjs.org/regl/-/regl-1.6.1.tgz",
      "integrity": "sha512-7Z9rmpEqmLNwC9kCYCyfyu47eWZaQWeNpwZfwz99QueXN8B/Ow40DB0N+OeUeM/yu9pZAB01+JgJ+XghGveVoA==",
      "dev": true
    }
  }
}
